<?xml version="1.0" encoding="utf-8"?>
<Project ToolsVersion="4.0" xmlns="http://schemas.microsoft.com/developer/msbuild/2003">
  <ItemGroup>
    <Filter Include="Source Files">
      <UniqueIdentifier>{4FC737F1-C7A5-4376-A066-2A32D752A2FF}</UniqueIdentifier>
      <Extensions>cpp;c;cc;cxx;def;odl;idl;hpj;bat;asm;asmx</Extensions>
    </Filter>
    <Filter Include="Header Files">
      <UniqueIdentifier>{93995380-89BD-4b04-88EB-625FBE52EBFB}</UniqueIdentifier>
      <Extensions>h;hpp;hxx;hm;inl;inc;xsd</Extensions>
    </Filter>
    <Filter Include="Resource Files">
      <UniqueIdentifier>{67DA6AB6-F800-4c08-8B7A-83BB121AAD01}</UniqueIdentifier>
      <Extensions>rc;ico;cur;bmp;dlg;rc2;rct;bin;rgs;gif;jpg;jpeg;jpe;resx;tiff;tif;png;wav</Extensions>
    </Filter>
  </ItemGroup>
  <ItemGroup>
    <ClCompile Include="Input_Dialog.cpp">
      <Filter>Source Files</Filter>
    </ClCompile>
    <ClCompile Include="shared\HScrollListBox.cpp">
      <Filter>Source Files</Filter>
    </ClCompile>
    <ClCompile Include="socketclient\src\EClientSocket.cpp">
      <Filter>Source Files</Filter>
    </ClCompile>
    <ClCompile Include="socketclient\src\EClientSocketBase.cpp">
      <Filter>Source Files</Filter>
    </ClCompile>
    <ClCompile Include="testsocketclient\AcctUpdatesDlg.cpp">
      <Filter>Source Files</Filter>
    </ClCompile>
    <ClCompile Include="testsocketclient\client2.cpp">
      <Filter>Source Files</Filter>
    </ClCompile>
    <ClCompile Include="testsocketclient\client2Dlg.cpp">
      <Filter>Source Files</Filter>
    </ClCompile>
    <ClCompile Include="testsocketclient\DlgAccount.cpp">
      <Filter>Source Files</Filter>
    </ClCompile>
    <ClCompile Include="testsocketclient\DlgAlgoParams.cpp">
      <Filter>Source Files</Filter>
    </ClCompile>
    <ClCompile Include="testsocketclient\DlgComboLegs.cpp">
      <Filter>Source Files</Filter>
    </ClCompile>
    <ClCompile Include="testsocketclient\DlgConnect.cpp">
      <Filter>Source Files</Filter>
    </ClCompile>
    <ClCompile Include="testsocketclient\DlgExtOrd.cpp">
      <Filter>Source Files</Filter>
    </ClCompile>
    <ClCompile Include="testsocketclient\DlgFAAllocationInfo.cpp">
      <Filter>Source Files</Filter>
    </ClCompile>
    <ClCompile Include="testsocketclient\DlgFinancialAdvisor.cpp">
      <Filter>Source Files</Filter>
    </ClCompile>
    <ClCompile Include="testsocketclient\DlgLogConfig.cpp">
      <Filter>Source Files</Filter>
    </ClCompile>
    <ClCompile Include="testsocketclient\DlgMktDepth.cpp">
      <Filter>Source Files</Filter>
    </ClCompile>
    <ClCompile Include="testsocketclient\DlgNewsBulletins.cpp">
      <Filter>Source Files</Filter>
    </ClCompile>
    <ClCompile Include="testsocketclient\DlgOrder.cpp">
      <Filter>Source Files</Filter>
    </ClCompile>
    <ClCompile Include="testsocketclient\DlgScanner.cpp">
      <Filter>Source Files</Filter>
    </ClCompile>
    <ClCompile Include="testsocketclient\DlgSmartComboRoutingParams.cpp">
      <Filter>Source Files</Filter>
    </ClCompile>
    <ClCompile Include="testsocketclient\DlgUnderComp.cpp">
      <Filter>Source Files</Filter>
    </ClCompile>
    <ClCompile Include="testsocketclient\EMA.cpp">
      <Filter>Source Files</Filter>
    </ClCompile>
    <ClCompile Include="testsocketclient\EMACrossover.cpp">
      <Filter>Source Files</Filter>
    </ClCompile>
    <ClCompile Include="testsocketclient\main.cpp">
      <Filter>Source Files</Filter>
    </ClCompile>
    <ClCompile Include="testsocketclient\PairsTrading.cpp">
      <Filter>Source Files</Filter>
    </ClCompile>
    <ClCompile Include="testsocketclient\RptFilterDlg.cpp">
      <Filter>Source Files</Filter>
    </ClCompile>
    <ClCompile Include="testsocketclient\StdAfx.cpp">
      <Filter>Source Files</Filter>
    </ClCompile>
    <ClCompile Include="testsocketclient\Stock.cpp">
      <Filter>Source Files</Filter>
    </ClCompile>
    <ClCompile Include="testsocketclient\utils.cpp">
      <Filter>Source Files</Filter>
    </ClCompile>
  </ItemGroup>
  <ItemGroup>
    <ClInclude Include="Input_Dialog.h">
      <Filter>Header Files</Filter>
    </ClInclude>
    <ClInclude Include="shared\CommissionReport.h">
      <Filter>Header Files</Filter>
    </ClInclude>
    <ClInclude Include="shared\CommonDefs.h">
      <Filter>Header Files</Filter>
    </ClInclude>
    <ClInclude Include="shared\Contract.h">
      <Filter>Header Files</Filter>
    </ClInclude>
    <ClInclude Include="shared\EClient.h">
      <Filter>Header Files</Filter>
    </ClInclude>
    <ClInclude Include="shared\EClientSocketBase.h">
      <Filter>Header Files</Filter>
    </ClInclude>
    <ClInclude Include="shared\EClientSocketBaseImpl.h">
      <Filter>Header Files</Filter>
    </ClInclude>
    <ClInclude Include="shared\EWrapper.h">
      <Filter>Header Files</Filter>
    </ClInclude>
    <ClInclude Include="shared\Execution.h">
      <Filter>Header Files</Filter>
    </ClInclude>
    <ClInclude Include="shared\HScrollListBox.h">
      <Filter>Header Files</Filter>
    </ClInclude>
    <ClInclude Include="shared\IBString.h">
      <Filter>Header Files</Filter>
    </ClInclude>
    <ClInclude Include="shared\Order.h">
      <Filter>Header Files</Filter>
    </ClInclude>
    <ClInclude Include="shared\OrderState.h">
      <Filter>Header Files</Filter>
    </ClInclude>
    <ClInclude Include="shared\ScannerSubscription.h">
      <Filter>Header Files</Filter>
    </ClInclude>
    <ClInclude Include="shared\shared_ptr.h">
      <Filter>Header Files</Filter>
    </ClInclude>
    <ClInclude Include="shared\StdAfx.h">
      <Filter>Header Files</Filter>
    </ClInclude>
    <ClInclude Include="shared\TwsSocketClientErrors.h">
      <Filter>Header Files</Filter>
    </ClInclude>
    <ClInclude Include="socketclient\src\EClientSocket.h">
      <Filter>Header Files</Filter>
    </ClInclude>
    <ClInclude Include="testsocketclient\AcctUpdatesDlg.h">
      <Filter>Header Files</Filter>
    </ClInclude>
    <ClInclude Include="testsocketclient\client2.h">
      <Filter>Header Files</Filter>
    </ClInclude>
    <ClInclude Include="testsocketclient\client2Dlg.h">
      <Filter>Header Files</Filter>
    </ClInclude>
    <ClInclude Include="testsocketclient\DlgAccount.h">
      <Filter>Header Files</Filter>
    </ClInclude>
    <ClInclude Include="testsocketclient\DlgAlgoParams.h">
      <Filter>Header Files</Filter>
    </ClInclude>
    <ClInclude Include="testsocketclient\DlgComboLegs.h">
      <Filter>Header Files</Filter>
    </ClInclude>
    <ClInclude Include="testsocketclient\DlgConnect.h">
      <Filter>Header Files</Filter>
    </ClInclude>
    <ClInclude Include="testsocketclient\DlgExtOrd.h">
      <Filter>Header Files</Filter>
    </ClInclude>
    <ClInclude Include="testsocketclient\DlgFAAllocationInfo.h">
      <Filter>Header Files</Filter>
    </ClInclude>
    <ClInclude Include="testsocketclient\DlgFinancialAdvisor.h">
      <Filter>Header Files</Filter>
    </ClInclude>
    <ClInclude Include="testsocketclient\DlgLogConfig.h">
      <Filter>Header Files</Filter>
    </ClInclude>
    <ClInclude Include="testsocketclient\DlgMktDepth.h">
      <Filter>Header Files</Filter>
    </ClInclude>
    <ClInclude Include="testsocketclient\DlgNewsBulletins.h">
      <Filter>Header Files</Filter>
    </ClInclude>
    <ClInclude Include="testsocketclient\DlgOrder.h">
      <Filter>Header Files</Filter>
    </ClInclude>
    <ClInclude Include="testsocketclient\DlgScanner.h">
      <Filter>Header Files</Filter>
    </ClInclude>
    <ClInclude Include="testsocketclient\DlgSmartComboRoutingParams.h">
      <Filter>Header Files</Filter>
    </ClInclude>
    <ClInclude Include="testsocketclient\DlgUnderComp.h">
      <Filter>Header Files</Filter>
    </ClInclude>
    <ClInclude Include="testsocketclient\EMA.h">
      <Filter>Header Files</Filter>
    </ClInclude>
    <ClInclude Include="testsocketclient\EMACrossover.h">
      <Filter>Header Files</Filter>
    </ClInclude>
    <ClInclude Include="testsocketclient\PairsTrading.h">
      <Filter>Header Files</Filter>
    </ClInclude>
    <ClInclude Include="testsocketclient\resource.h">
      <Filter>Header Files</Filter>
    </ClInclude>
    <ClInclude Include="testsocketclient\RptFilterDlg.h">
      <Filter>Header Files</Filter>
    </ClInclude>
    <ClInclude Include="testsocketclient\StdAfx.h">
      <Filter>Header Files</Filter>
    </ClInclude>
    <ClInclude Include="testsocketclient\Stock.h">
      <Filter>Header Files</Filter>
    </ClInclude>
    <ClInclude Include="testsocketclient\utils.h">
      <Filter>Header Files</Filter>
    </ClInclude>
  </ItemGroup>
  <ItemGroup>
    <ResourceCompile Include="testsocketclient\client2.rc">
      <Filter>Resource Files</Filter>
    </ResourceCompile>
  </ItemGroup>
  <ItemGroup>
    <None Include="testsocketclient\res\client2.rc2">
      <Filter>Resource Files</Filter>
    </None>
    <None Include="testsocketclient\res\client2.ico">
      <Filter>Resource Files</Filter>
    </None>
  </ItemGroup>
</Project>